
Microsoft Visual Studio Solution File, Format Version 12.00
# Visual Studio Version 17
VisualStudioVersion = 17.14.36202.13 d17.14
MinimumVisualStudioVersion = 10.0.40219.1
Project("{FAE04EC0-301F-11D3-BF4B-00C04F79EFBC}") = "Sistema de Cadastro", "Sistema de Cadastro\Sistema de Cadastro.csproj", "{70A5A839-F115-4D7D-8857-B8C3FFA99C5F}"
EndProject
Global
	GlobalSection(SolutionConfigurationPlatforms) = preSolution
		Debug|Any CPU = Debug|Any CPU
		Release|Any CPU = Release|Any CPU
	EndGlobalSection
	GlobalSection(ProjectConfigurationPlatforms) = postSolution
		{70A5A839-F115-4D7D-8857-B8C3FFA99C5F}.Debug|Any CPU.ActiveCfg = Debug|Any CPU
		{70A5A839-F115-4D7D-8857-B8C3FFA99C5F}.Debug|Any CPU.Build.0 = Debug|Any CPU
		{70A5A839-F115-4D7D-8857-B8C3FFA99C5F}.Release|Any CPU.ActiveCfg = Release|Any CPU
		{70A5A839-F115-4D7D-8857-B8C3FFA99C5F}.Release|Any CPU.Build.0 = Release|Any CPU
	EndGlobalSection
	GlobalSection(SolutionProperties) = preSolution
		HideSolutionNode = FALSE
	EndGlobalSection
	GlobalSection(ExtensibilityGlobals) = postSolution
		SolutionGuid = {F6129EEC-5412-40BD-9A02-3566FE4852C9}
	EndGlobalSection
EndGlobal
