
Microsoft Visual Studio Solution File, Format Version 12.00
# Visual Studio Version 17
VisualStudioVersion = 17.14.36202.13 d17.14
MinimumVisualStudioVersion = 10.0.40219.1
Project("{FAE04EC0-301F-11D3-BF4B-00C04F79EFBC}") = "exlgc 4", "exlgc 4\exlgc 4.csproj", "{3525C454-5E17-4562-A86A-EB2778959745}"
EndProject
Global
	GlobalSection(SolutionConfigurationPlatforms) = preSolution
		Debug|Any CPU = Debug|Any CPU
		Release|Any CPU = Release|Any CPU
	EndGlobalSection
	GlobalSection(ProjectConfigurationPlatforms) = postSolution
		{3525C454-5E17-4562-A86A-EB2778959745}.Debug|Any CPU.ActiveCfg = Debug|Any CPU
		{3525C454-5E17-4562-A86A-EB2778959745}.Debug|Any CPU.Build.0 = Debug|Any CPU
		{3525C454-5E17-4562-A86A-EB2778959745}.Release|Any CPU.ActiveCfg = Release|Any CPU
		{3525C454-5E17-4562-A86A-EB2778959745}.Release|Any CPU.Build.0 = Release|Any CPU
	EndGlobalSection
	GlobalSection(SolutionProperties) = preSolution
		HideSolutionNode = FALSE
	EndGlobalSection
	GlobalSection(ExtensibilityGlobals) = postSolution
		SolutionGuid = {9E1A6FF9-F01E-4AED-ABB3-4E05F266496A}
	EndGlobalSection
EndGlobal
